
Microsoft Visual Studio Solution File, Format Version 12.00
# Visual Studio Version 17
VisualStudioVersion = 17.14.36202.13 d17.14
MinimumVisualStudioVersion = 10.0.40219.1
Project("{FAE04EC0-301F-11D3-BF4B-00C04F79EFBC}") = "TreeSizeTracker", "TreeSizeTracker\TreeSizeTracker.csproj", "{7EE8CD21-C382-4B53-AC32-8616358B611C}"
EndProject
Global
	GlobalSection(SolutionConfigurationPlatforms) = preSolution
		Debug|Any CPU = Debug|Any CPU
		Release|Any CPU = Release|Any CPU
	EndGlobalSection
	GlobalSection(ProjectConfigurationPlatforms) = postSolution
		{7EE8CD21-C382-4B53-AC32-8616358B611C}.Debug|Any CPU.ActiveCfg = Debug|Any CPU
		{7EE8CD21-C382-4B53-AC32-8616358B611C}.Debug|Any CPU.Build.0 = Debug|Any CPU
		{7EE8CD21-C382-4B53-AC32-8616358B611C}.Release|Any CPU.ActiveCfg = Release|Any CPU
		{7EE8CD21-C382-4B53-AC32-8616358B611C}.Release|Any CPU.Build.0 = Release|Any CPU
	EndGlobalSection
	GlobalSection(SolutionProperties) = preSolution
		HideSolutionNode = FALSE
	EndGlobalSection
	GlobalSection(ExtensibilityGlobals) = postSolution
		SolutionGuid = {6854D400-3BE5-439E-A83E-7DE81DA110BC}
	EndGlobalSection
EndGlobal
